
Microsoft Visual Studio Solution File, Format Version 12.00
# Visual Studio Version 17
VisualStudioVersion = 17.13.35919.96 d17.13
MinimumVisualStudioVersion = 10.0.40219.1
Project("{FAE04EC0-301F-11D3-BF4B-00C04F79EFBC}") = "MauiApp1", "MauiApp1\MauiApp1\MauiApp1.csproj", "{7FE507E8-3716-4DF9-ACF4-083074C2785F}"
EndProject
Project("{FAE04EC0-301F-11D3-BF4B-00C04F79EFBC}") = "MauiApp1.Droid", "MauiApp1\MauiApp1.Droid\MauiApp1.Droid.csproj", "{2B872D34-9370-4818-938E-91AAA4FB5D48}"
EndProject
Project("{FAE04EC0-301F-11D3-BF4B-00C04F79EFBC}") = "MauiApp1.WinUI", "MauiApp1\MauiApp1.WinUI\MauiApp1.WinUI.csproj", "{4F41EE2E-A404-4886-B53D-01D9C3862EDC}"
EndProject
Global
	GlobalSection(SolutionConfigurationPlatforms) = preSolution
		Debug|Any CPU = Debug|Any CPU
		Release|Any CPU = Release|Any CPU
	EndGlobalSection
	GlobalSection(ProjectConfigurationPlatforms) = postSolution
		{7FE507E8-3716-4DF9-ACF4-083074C2785F}.Debug|Any CPU.ActiveCfg = Debug|Any CPU
		{7FE507E8-3716-4DF9-ACF4-083074C2785F}.Debug|Any CPU.Build.0 = Debug|Any CPU
		{7FE507E8-3716-4DF9-ACF4-083074C2785F}.Release|Any CPU.ActiveCfg = Release|Any CPU
		{7FE507E8-3716-4DF9-ACF4-083074C2785F}.Release|Any CPU.Build.0 = Release|Any CPU
		{2B872D34-9370-4818-938E-91AAA4FB5D48}.Debug|Any CPU.ActiveCfg = Debug|Any CPU
		{2B872D34-9370-4818-938E-91AAA4FB5D48}.Debug|Any CPU.Build.0 = Debug|Any CPU
		{2B872D34-9370-4818-938E-91AAA4FB5D48}.Debug|Any CPU.Deploy.0 = Debug|Any CPU
		{2B872D34-9370-4818-938E-91AAA4FB5D48}.Release|Any CPU.ActiveCfg = Release|Any CPU
		{2B872D34-9370-4818-938E-91AAA4FB5D48}.Release|Any CPU.Build.0 = Release|Any CPU
		{2B872D34-9370-4818-938E-91AAA4FB5D48}.Release|Any CPU.Deploy.0 = Release|Any CPU
		{4F41EE2E-A404-4886-B53D-01D9C3862EDC}.Debug|Any CPU.ActiveCfg = Debug|x64
		{4F41EE2E-A404-4886-B53D-01D9C3862EDC}.Debug|Any CPU.Build.0 = Debug|x64
		{4F41EE2E-A404-4886-B53D-01D9C3862EDC}.Release|Any CPU.ActiveCfg = Release|x64
		{4F41EE2E-A404-4886-B53D-01D9C3862EDC}.Release|Any CPU.Build.0 = Release|x64
	EndGlobalSection
	GlobalSection(SolutionProperties) = preSolution
		HideSolutionNode = FALSE
	EndGlobalSection
	GlobalSection(ExtensibilityGlobals) = postSolution
		SolutionGuid = {0CDB4AF6-48F1-416C-A587-E099C57D0001}
	EndGlobalSection
EndGlobal
